# This file is automatically @generated by Poetry 1.5.4 and should not be changed by hand.

[[package]]
name = "colorama"
version = "0.4.6"
description = "Cross-platform colored terminal text."
optional = false
python-versions = "!=3.0.*,!=3.1.*,!=3.2.*,!=3.3.*,!=3.4.*,!=3.5.*,!=3.6.*,>=2.7"
files = [
    {file = "colorama-0.4.6-py2.py3-none-any.whl", hash = "sha256:4f1d9991f5acc0ca119f9d443620b77f9d6b33703e51011c16baf57afb285fc6"},
    {file = "colorama-0.4.6.tar.gz", hash = "sha256:08695f5cb7ed6e0531a20572697297273c47b8cae5a63ffc6d6ed5c201be6e44"},
]

[[package]]
name = "exceptiongroup"
version = "1.2.0"
description = "Backport of PEP 654 (exception groups)"
optional = false
python-versions = ">=3.7"
files = [
    {file = "exceptiongroup-1.2.0-py3-none-any.whl", hash = "sha256:4bfd3996ac73b41e9b9628b04e079f193850720ea5945fc96a08633c66912f14"},
    {file = "exceptiongroup-1.2.0.tar.gz", hash = "sha256:91f5c769735f051a4290d52edd0858999b57e5876e9f85937691bd4c9fa3ed68"},
]

[package.extras]
test = ["pytest (>=6)"]

[[package]]
name = "iniconfig"
version = "2.0.0"
description = "brain-dead simple config-ini parsing"
optional = false
python-versions = ">=3.7"
files = [
    {file = "iniconfig-2.0.0-py3-none-any.whl", hash = "sha256:b6a85871a79d2e3b22d2d1b94ac2824226a63c6b741c88f7ae975f18b6778374"},
    {file = "iniconfig-2.0.0.tar.gz", hash = "sha256:2d91e135bf72d31a410b17c16da610a82cb55f6b0477d1a902134b24a455b8b3"},
]

[[package]]
name = "packaging"
version = "23.2"
description = "Core utilities for Python packages"
optional = false
python-versions = ">=3.7"
files = [
    {file = "packaging-23.2-py3-none-any.whl", hash = "sha256:8c491190033a9af7e1d931d0b5dacc2ef47509b34dd0de67ed209b5203fc88c7"},
    {file = "packaging-23.2.tar.gz", hash = "sha256:048fb0e9405036518eaaf48a55953c750c11e1a1b68e0dd1a9d62ed0c092cfc5"},
]

[[package]]
name = "pluggy"
version = "1.3.0"
description = "plugin and hook calling mechanisms for python"
optional = false
python-versions = ">=3.8"
files = [
    {file = "pluggy-1.3.0-py3-none-any.whl", hash = "sha256:d89c696a773f8bd377d18e5ecda92b7a3793cbe66c87060a6fb58c7b6e1061f7"},
    {file = "pluggy-1.3.0.tar.gz", hash = "sha256:cf61ae8f126ac6f7c451172cf30e3e43d3ca77615509771b3a984a0730651e12"},
]

[package.extras]
dev = ["pre-commit", "tox"]
testing = ["pytest", "pytest-benchmark"]

[[package]]
name = "pytest"
version = "7.4.4"
description = "pytest: simple powerful testing with Python"
optional = false
python-versions = ">=3.7"
files = [
    {file = "pytest-7.4.4-py3-none-any.whl", hash = "sha256:b090cdf5ed60bf4c45261be03239c2c1c22df034fbffe691abe93cd80cea01d8"},
    {file = "pytest-7.4.4.tar.gz", hash = "sha256:2cf0005922c6ace4a3e2ec8b4080eb0d9753fdc93107415332f50ce9e7994280"},
]

[package.dependencies]
colorama = {version = "*", markers = "sys_platform == \"win32\""}
exceptiongroup = {version = ">=1.0.0rc8", markers = "python_version < \"3.11\""}
iniconfig = "*"
packaging = "*"
pluggy = ">=0.12,<2.0"
tomli = {version = ">=1.0.0", markers = "python_version < \"3.11\""}

[package.extras]
testing = ["argcomplete", "attrs (>=19.2.0)", "hypothesis (>=3.56)", "mock", "nose", "pygments (>=2.7.2)", "requests", "setuptools", "xmlschema"]

[[package]]
name = "pytest-browser"
version = "0.2.0"
description = "A pytest plugin for console based browser test selection just after the collection phase"
optional = false
python-versions = "*"
files = [
    {file = "pytest-browser-0.2.0.tar.gz", hash = "sha256:bf6624a5f00ad33ea08942d0521fda2c1a7c7d1d77a6d8c8c75191c0baf730b2"},
]

[package.dependencies]
pytest = ">=2.7.0"
urwid = ">=1.3.1"

[[package]]
name = "tomli"
version = "2.0.1"
description = "A lil' TOML parser"
optional = false
python-versions = ">=3.7"
files = [
    {file = "tomli-2.0.1-py3-none-any.whl", hash = "sha256:939de3e7a6161af0c887ef91b7d41a53e7c5a1ca976325f429cb46ea9bc30ecc"},
    {file = "tomli-2.0.1.tar.gz", hash = "sha256:de526c12914f0c550d15924c62d72abc48d6fe7364aa87328337a31007fe8a4f"},
]

[[package]]
name = "urwid"
version = "2.4.5"
description = "A full-featured console (xterm et al.) user interface library"
optional = false
python-versions = ">=3.7.0"
files = [
    {file = "urwid-2.4.5-cp310-cp310-macosx_10_9_universal2.whl", hash = "sha256:5ff517214513485b4f1512ee357e4f3743a02fc423dd652f6a9bceddfad323c1"},
    {file = "urwid-2.4.5-cp310-cp310-macosx_10_9_x86_64.whl", hash = "sha256:d1a854c3892e0cbc3f9c5279e3f56f9dc962d6c162c49bb6f8562541b0d9f7ef"},
    {file = "urwid-2.4.5-cp310-cp310-macosx_11_0_arm64.whl", hash = "sha256:0fc4eec616d389c1835ad6ccb07d511ac871796ae0c726df912527da098c7ab1"},
    {file = "urwid-2.4.5-cp310-cp310-manylinux_2_17_aarch64.manylinux2014_aarch64.whl", hash = "sha256:d627ea77117a73f57dd27d2dede4ec9404608597c8df73be14ab28c0aaae899c"},
    {file = "urwid-2.4.5-cp310-cp310-manylinux_2_5_i686.manylinux1_i686.manylinux_2_17_i686.manylinux2014_i686.whl", hash = "sha256:18f6d5218c93cad522eee38bdcc41e9890f63ddf19f581601225de92c7d6bd77"},
    {file = "urwid-2.4.5-cp310-cp310-manylinux_2_5_x86_64.manylinux1_x86_64.manylinux_2_17_x86_64.manylinux2014_x86_64.whl", hash = "sha256:d073d891af803211274d232269e48db2e532853f61b37ff55f85f1ed2acc6955"},
    {file = "urwid-2.4.5-cp310-cp310-win32.whl", hash = "sha256:ef6f6bde932399335cd87deff6fe02225a2e32b392dcac0148e68b01a1d79505"},
    {file = "urwid-2.4.5-cp310-cp310-win_amd64.whl", hash = "sha256:9c7b8c091fcc1cb7a34e0bffefaa998a8087bbe2a83fac42b916b28f82887ad9"},
    {file = "urwid-2.4.5-cp311-cp311-macosx_10_9_universal2.whl", hash = "sha256:5708b8517ac241699473933ac45d2dc4ed79b2ff4ca8dad2d9737df88021593a"},
    {file = "urwid-2.4.5-cp311-cp311-macosx_10_9_x86_64.whl", hash = "sha256:8ef159ee345e637a3b17d9a1acc408bc9eccde5337531e43f3cc1db3f00edc25"},
    {file = "urwid-2.4.5-cp311-cp311-macosx_11_0_arm64.whl", hash = "sha256:05458b7863543c9af35efd7e09e8abfb9ae4d4e6e6c3afc1bf0fb98148151620"},
    {file = "urwid-2.4.5-cp311-cp311-manylinux_2_17_aarch64.manylinux2014_aarch64.whl", hash = "sha256:dded225675d9f397f6be1fc363bfe842fee0bf396d7a1643eaade40fb2a033db"},
    {file = "urwid-2.4.5-cp311-cp311-manylinux_2_5_i686.manylinux1_i686.manylinux_2_17_i686.manylinux2014_i686.whl", hash = "sha256:5050f16509f80aab6c83cd01960c16340d6da879ec86ffd35ec39c99afc11e9f"},
    {file = "urwid-2.4.5-cp311-cp311-manylinux_2_5_x86_64.manylinux1_x86_64.manylinux_2_17_x86_64.manylinux2014_x86_64.whl", hash = "sha256:4a71adcc5accfb6702dba8f51751886a3f2b98e418b402d965a72883e616ecdc"},
    {file = "urwid-2.4.5-cp311-cp311-win32.whl", hash = "sha256:15f87548ebb4327c214029af3d0c9a2fc801fb5e894623b337a754b0a153fe81"},
    {file = "urwid-2.4.5-cp311-cp311-win_amd64.whl", hash = "sha256:843e92d014f86951dc0bdb2850f0a0ec5391708e431da65fca01e74a1a1b929d"},
    {file = "urwid-2.4.5-cp312-cp312-macosx_10_9_universal2.whl", hash = "sha256:c5e03a80e8fa89f80df3c3fd92c811637ee36527366e94307cb57a62d5279999"},
    {file = "urwid-2.4.5-cp312-cp312-macosx_10_9_x86_64.whl", hash = "sha256:83002e12517811f5d3be140185c41a63d25a3358506996d8471b40d191dd392b"},
    {file = "urwid-2.4.5-cp312-cp312-macosx_11_0_arm64.whl", hash = "sha256:e61d747f851d17323c03c9f491c92bc5051376e306248a37b8aa425b220aa48c"},
    {file = "urwid-2.4.5-cp312-cp312-manylinux_2_17_aarch64.manylinux2014_aarch64.whl", hash = "sha256:30c5b5625f4bb086d935843e943db997a6c6693cc101b6119a07ca29e0c9f886"},
    {file = "urwid-2.4.5-cp312-cp312-manylinux_2_5_i686.manylinux1_i686.manylinux_2_17_i686.manylinux2014_i686.whl", hash = "sha256:5f315ada542acbea1ec0e8b3ed85aa41fd978152c3e8a3bc6741b32e914fdf5a"},
    {file = "urwid-2.4.5-cp312-cp312-manylinux_2_5_x86_64.manylinux1_x86_64.manylinux_2_17_x86_64.manylinux2014_x86_64.whl", hash = "sha256:2c3e97c7f2ccd342d7bbb42efa49f1940ecc5796e822aceef2232028b0356bc6"},
    {file = "urwid-2.4.5-cp312-cp312-win32.whl", hash = "sha256:4b685880daa9d18d7fa555d55dbd9cde4d20fdef4222593c3059729401f744b1"},
    {file = "urwid-2.4.5-cp312-cp312-win_amd64.whl", hash = "sha256:d0761bfb4cde9bf98325413c2b6159d4967910bbd0abe02b0a0c81e70edb3a29"},
    {file = "urwid-2.4.5-cp37-cp37m-macosx_10_9_x86_64.whl", hash = "sha256:71179fe677d4c7180bbe129274665bced37ffc542a3c240d4c5aea302aba27a8"},
    {file = "urwid-2.4.5-cp37-cp37m-manylinux_2_17_aarch64.manylinux2014_aarch64.whl", hash = "sha256:a3a45a7b0230449f9e22e3bae8a798e8d483aff0f31c21488325982babbdabca"},
    {file = "urwid-2.4.5-cp37-cp37m-manylinux_2_5_i686.manylinux1_i686.manylinux_2_17_i686.manylinux2014_i686.whl", hash = "sha256:413d942c18c6f57cddff9a5d024b0c201fb96ccb348f62c2d8ef26469cf423ca"},
    {file = "urwid-2.4.5-cp37-cp37m-manylinux_2_5_x86_64.manylinux1_x86_64.manylinux_2_17_x86_64.manylinux2014_x86_64.whl", hash = "sha256:66c6573a67889cf276784ea16daa8fbdf1ecbe58658f56faae7b0c7ffcd20c52"},
    {file = "urwid-2.4.5-cp37-cp37m-win32.whl", hash = "sha256:d95327cb0c46a7515d0fba361844dc664b9f9667b92e8fcaad951b7a97a7124d"},
    {file = "urwid-2.4.5-cp37-cp37m-win_amd64.whl", hash = "sha256:f5d70b147875a4f0b077c74d4e0b54922826b3946b84b194dc79d89ce3af9e0f"},
    {file = "urwid-2.4.5-cp38-cp38-macosx_10_9_universal2.whl", hash = "sha256:86ce53078157e29624594dad0c221413aa428cdc92d36d7ff62a7eddb725519a"},
    {file = "urwid-2.4.5-cp38-cp38-macosx_10_9_x86_64.whl", hash = "sha256:c8f812415eef6a5026d9589f5e6771ba787d851b07aef7542ddc43d66ddc31f3"},
    {file = "urwid-2.4.5-cp38-cp38-macosx_11_0_arm64.whl", hash = "sha256:1bedd7d6af9c403e93bc8a7e453ad16b3fb4aecf6d96a8b434ef5e96fc04604d"},
    {file = "urwid-2.4.5-cp38-cp38-manylinux_2_17_aarch64.manylinux2014_aarch64.whl", hash = "sha256:714670abd3562c660cd9c944acb296085b11c5c57da5a222fce5442d813a22e8"},
    {file = "urwid-2.4.5-cp38-cp38-manylinux_2_5_i686.manylinux1_i686.manylinux_2_17_i686.manylinux2014_i686.whl", hash = "sha256:de2b232cf4cfd63dc12c2b7a0a0bcdeae39a970ad9c1f52f879e893235602f62"},
    {file = "urwid-2.4.5-cp38-cp38-manylinux_2_5_x86_64.manylinux1_x86_64.manylinux_2_17_x86_64.manylinux2014_x86_64.whl", hash = "sha256:f04e1cfda9d690410d0c1a1ed8aae4034346abe2eb1d80a3bbaf6d48c29c208d"},
    {file = "urwid-2.4.5-cp38-cp38-win32.whl", hash = "sha256:4f8697a2cd017aa27ad42e32a863fe721d839b8a9844ee035ebca04ab390a5f0"},
    {file = "urwid-2.4.5-cp38-cp38-win_amd64.whl", hash = "sha256:c839f6e10459b6cb50ce67e9cc64ed0867a71430959f3fc3de3e86e0d8269894"},
    {file = "urwid-2.4.5-cp39-cp39-macosx_10_9_universal2.whl", hash = "sha256:c16333e3cba4031b2ccba5df5ad279baad1879084f8aac8dba9aa2616632b142"},
    {file = "urwid-2.4.5-cp39-cp39-macosx_10_9_x86_64.whl", hash = "sha256:d168b3e0521abdb05e17b811d611358794ed108a1db5dad153b8964ec420de55"},
    {file = "urwid-2.4.5-cp39-cp39-macosx_11_0_arm64.whl", hash = "sha256:6fb6a18732e3d468909657714b08567e111efa0005ac766cd68f1291a04b3870"},
    {file = "urwid-2.4.5-cp39-cp39-manylinux_2_17_aarch64.manylinux2014_aarch64.whl", hash = "sha256:0dc8f16235ee04cf44472e0436697901a8e0b5b9d937cedbbb2bbef9e9d9b8d8"},
    {file = "urwid-2.4.5-cp39-cp39-manylinux_2_5_i686.manylinux1_i686.manylinux_2_17_i686.manylinux2014_i686.whl", hash = "sha256:04dc37b90bd568bc1071358fc7d52c603d27809950e4715ea91846ba45e9e072"},
    {file = "urwid-2.4.5-cp39-cp39-manylinux_2_5_x86_64.manylinux1_x86_64.manylinux_2_17_x86_64.manylinux2014_x86_64.whl", hash = "sha256:e0da75eb8a86090fcff161fa7a8074ebefc157cc263723b3600b3e87b6f2def7"},
    {file = "urwid-2.4.5-cp39-cp39-win32.whl", hash = "sha256:056147156c0014d2ac3fa88d6da62a4c4dbc8bcde48d0391edabdd3c0206f17f"},
    {file = "urwid-2.4.5-cp39-cp39-win_amd64.whl", hash = "sha256:73c0015e6c5dc42987409bdd161930467a8a6ee18b93313f34c0aae42fcf9dbb"},
    {file = "urwid-2.4.5.tar.gz", hash = "sha256:59b1dd7a6f3d8055619dea5a65722ef81dc071dff95bec7150dcda6bde6c47bd"},
]

[package.extras]
curses = ["windows-curses"]
glib = ["PyGObject"]
lcd = ["pyserial"]
serial = ["pyserial"]
tornado = ["tornado (>=5.0)"]
trio = ["exceptiongroup", "trio (>=0.22.0)"]
twisted = ["twisted"]
zmq = ["zmq"]

[metadata]
lock-version = "2.0"
python-versions = ">=3.10.0,<3.11"
content-hash = "d4387fb31cd056b5b81d823b2ce82ba0660251d08ceecf9c96ebe16a91dcd02a"
